
Microsoft Visual Studio Solution File, Format Version 12.00
# Visual Studio 15
VisualStudioVersion = 15.0.26124.0
MinimumVisualStudioVersion = 15.0.26124.0
Project("{2150E333-8FDC-42A3-9474-1A3956D46DE8}") = "src", "src", "{45BDD9C1-67C1-40B7-B306-8D5E92BFCA8C}"
EndProject
Project("{F2A71F9B-5D33-465A-A702-920D77279786}") = "ConsoleApp", "src\ConsoleApp\ConsoleApp.fsproj", "{86C4F65C-88A6-4A59-ACA5-F98B64A6B305}"
EndProject
Project("{F2A71F9B-5D33-465A-A702-920D77279786}") = "ConsoleLib", "src\ConsoleLib\ConsoleLib.fsproj", "{D85B397B-B408-4DF8-80C0-4E55C3683605}"
EndProject
Project("{2150E333-8FDC-42A3-9474-1A3956D46DE8}") = "tests", "tests", "{896C70CF-1A59-458E-9685-984D579D601B}"
EndProject
Project("{F2A71F9B-5D33-465A-A702-920D77279786}") = "ConsoleTests", "tests\ConsoleTests\ConsoleTests.fsproj", "{236CAA9B-B501-407F-902D-806759CD7170}"
EndProject
Global
	GlobalSection(SolutionConfigurationPlatforms) = preSolution
		Debug|Any CPU = Debug|Any CPU
		Debug|x64 = Debug|x64
		Debug|x86 = Debug|x86
		Release|Any CPU = Release|Any CPU
		Release|x64 = Release|x64
		Release|x86 = Release|x86
	EndGlobalSection
	GlobalSection(SolutionProperties) = preSolution
		HideSolutionNode = FALSE
	EndGlobalSection
	GlobalSection(ProjectConfigurationPlatforms) = postSolution
		{86C4F65C-88A6-4A59-ACA5-F98B64A6B305}.Debug|Any CPU.ActiveCfg = Debug|Any CPU
		{86C4F65C-88A6-4A59-ACA5-F98B64A6B305}.Debug|Any CPU.Build.0 = Debug|Any CPU
		{86C4F65C-88A6-4A59-ACA5-F98B64A6B305}.Debug|x64.ActiveCfg = Debug|Any CPU
		{86C4F65C-88A6-4A59-ACA5-F98B64A6B305}.Debug|x64.Build.0 = Debug|Any CPU
		{86C4F65C-88A6-4A59-ACA5-F98B64A6B305}.Debug|x86.ActiveCfg = Debug|Any CPU
		{86C4F65C-88A6-4A59-ACA5-F98B64A6B305}.Debug|x86.Build.0 = Debug|Any CPU
		{86C4F65C-88A6-4A59-ACA5-F98B64A6B305}.Release|Any CPU.ActiveCfg = Release|Any CPU
		{86C4F65C-88A6-4A59-ACA5-F98B64A6B305}.Release|Any CPU.Build.0 = Release|Any CPU
		{86C4F65C-88A6-4A59-ACA5-F98B64A6B305}.Release|x64.ActiveCfg = Release|Any CPU
		{86C4F65C-88A6-4A59-ACA5-F98B64A6B305}.Release|x64.Build.0 = Release|Any CPU
		{86C4F65C-88A6-4A59-ACA5-F98B64A6B305}.Release|x86.ActiveCfg = Release|Any CPU
		{86C4F65C-88A6-4A59-ACA5-F98B64A6B305}.Release|x86.Build.0 = Release|Any CPU
		{D85B397B-B408-4DF8-80C0-4E55C3683605}.Debug|Any CPU.ActiveCfg = Debug|Any CPU
		{D85B397B-B408-4DF8-80C0-4E55C3683605}.Debug|Any CPU.Build.0 = Debug|Any CPU
		{D85B397B-B408-4DF8-80C0-4E55C3683605}.Debug|x64.ActiveCfg = Debug|Any CPU
		{D85B397B-B408-4DF8-80C0-4E55C3683605}.Debug|x64.Build.0 = Debug|Any CPU
		{D85B397B-B408-4DF8-80C0-4E55C3683605}.Debug|x86.ActiveCfg = Debug|Any CPU
		{D85B397B-B408-4DF8-80C0-4E55C3683605}.Debug|x86.Build.0 = Debug|Any CPU
		{D85B397B-B408-4DF8-80C0-4E55C3683605}.Release|Any CPU.ActiveCfg = Release|Any CPU
		{D85B397B-B408-4DF8-80C0-4E55C3683605}.Release|Any CPU.Build.0 = Release|Any CPU
		{D85B397B-B408-4DF8-80C0-4E55C3683605}.Release|x64.ActiveCfg = Release|Any CPU
		{D85B397B-B408-4DF8-80C0-4E55C3683605}.Release|x64.Build.0 = Release|Any CPU
		{D85B397B-B408-4DF8-80C0-4E55C3683605}.Release|x86.ActiveCfg = Release|Any CPU
		{D85B397B-B408-4DF8-80C0-4E55C3683605}.Release|x86.Build.0 = Release|Any CPU
		{236CAA9B-B501-407F-902D-806759CD7170}.Debug|Any CPU.ActiveCfg = Debug|Any CPU
		{236CAA9B-B501-407F-902D-806759CD7170}.Debug|Any CPU.Build.0 = Debug|Any CPU
		{236CAA9B-B501-407F-902D-806759CD7170}.Debug|x64.ActiveCfg = Debug|Any CPU
		{236CAA9B-B501-407F-902D-806759CD7170}.Debug|x64.Build.0 = Debug|Any CPU
		{236CAA9B-B501-407F-902D-806759CD7170}.Debug|x86.ActiveCfg = Debug|Any CPU
		{236CAA9B-B501-407F-902D-806759CD7170}.Debug|x86.Build.0 = Debug|Any CPU
		{236CAA9B-B501-407F-902D-806759CD7170}.Release|Any CPU.ActiveCfg = Release|Any CPU
		{236CAA9B-B501-407F-902D-806759CD7170}.Release|Any CPU.Build.0 = Release|Any CPU
		{236CAA9B-B501-407F-902D-806759CD7170}.Release|x64.ActiveCfg = Release|Any CPU
		{236CAA9B-B501-407F-902D-806759CD7170}.Release|x64.Build.0 = Release|Any CPU
		{236CAA9B-B501-407F-902D-806759CD7170}.Release|x86.ActiveCfg = Release|Any CPU
		{236CAA9B-B501-407F-902D-806759CD7170}.Release|x86.Build.0 = Release|Any CPU
	EndGlobalSection
	GlobalSection(NestedProjects) = preSolution
		{86C4F65C-88A6-4A59-ACA5-F98B64A6B305} = {45BDD9C1-67C1-40B7-B306-8D5E92BFCA8C}
		{D85B397B-B408-4DF8-80C0-4E55C3683605} = {45BDD9C1-67C1-40B7-B306-8D5E92BFCA8C}
		{236CAA9B-B501-407F-902D-806759CD7170} = {896C70CF-1A59-458E-9685-984D579D601B}
	EndGlobalSection
EndGlobal
